
Microsoft Visual Studio Solution File, Format Version 12.00
# Visual Studio Version 17
VisualStudioVersion = 17.5.33516.290
MinimumVisualStudioVersion = 10.0.40219.1
Project("{FAE04EC0-301F-11D3-BF4B-00C04F79EFBC}") = "Recipes", "Recipes.csproj", "{B007A79F-E38C-4AE9-AF74-7724BE6E836F}"
EndProject
Global
	GlobalSection(SolutionConfigurationPlatforms) = preSolution
		Debug|Any CPU = Debug|Any CPU
		Release|Any CPU = Release|Any CPU
	EndGlobalSection
	GlobalSection(ProjectConfigurationPlatforms) = postSolution
		{B007A79F-E38C-4AE9-AF74-7724BE6E836F}.Debug|Any CPU.ActiveCfg = Debug|Any CPU
		{B007A79F-E38C-4AE9-AF74-7724BE6E836F}.Debug|Any CPU.Build.0 = Debug|Any CPU
		{B007A79F-E38C-4AE9-AF74-7724BE6E836F}.Release|Any CPU.ActiveCfg = Release|Any CPU
		{B007A79F-E38C-4AE9-AF74-7724BE6E836F}.Release|Any CPU.Build.0 = Release|Any CPU
	EndGlobalSection
	GlobalSection(SolutionProperties) = preSolution
		HideSolutionNode = FALSE
	EndGlobalSection
	GlobalSection(ExtensibilityGlobals) = postSolution
		SolutionGuid = {8B444AFD-001F-4520-80AB-7A2D6DFB19EC}
	EndGlobalSection
EndGlobal
